
Microsoft Visual Studio Solution File, Format Version 12.00
# Visual Studio 15
VisualStudioVersion = 15.0.28307.136
MinimumVisualStudioVersion = 10.0.40219.1
Project("{FAE04EC0-301F-11D3-BF4B-00C04F79EFBC}") = "TestnaAplikacija", "TestnaAplikacija\TestnaAplikacija.csproj", "{C24B1536-1FFD-426C-B2CE-AEBCAC0DBA8F}"
EndProject
Global
	GlobalSection(SolutionConfigurationPlatforms) = preSolution
		Debug|Any CPU = Debug|Any CPU
		Release|Any CPU = Release|Any CPU
	EndGlobalSection
	GlobalSection(ProjectConfigurationPlatforms) = postSolution
		{C24B1536-1FFD-426C-B2CE-AEBCAC0DBA8F}.Debug|Any CPU.ActiveCfg = Debug|Any CPU
		{C24B1536-1FFD-426C-B2CE-AEBCAC0DBA8F}.Debug|Any CPU.Build.0 = Debug|Any CPU
		{C24B1536-1FFD-426C-B2CE-AEBCAC0DBA8F}.Release|Any CPU.ActiveCfg = Release|Any CPU
		{C24B1536-1FFD-426C-B2CE-AEBCAC0DBA8F}.Release|Any CPU.Build.0 = Release|Any CPU
	EndGlobalSection
	GlobalSection(SolutionProperties) = preSolution
		HideSolutionNode = FALSE
	EndGlobalSection
	GlobalSection(ExtensibilityGlobals) = postSolution
		SolutionGuid = {7AF94508-6B29-40A0-8726-7C9E1AC4A8F5}
	EndGlobalSection
EndGlobal
